
Microsoft Visual Studio Solution File, Format Version 12.00
# Visual Studio Version 16
VisualStudioVersion = 16.0.31402.337
MinimumVisualStudioVersion = 10.0.40219.1
Project("{FAE04EC0-301F-11D3-BF4B-00C04F79EFBC}") = "Cuahanggiayfinal", "Cuahanggiayfinal\Cuahanggiayfinal.csproj", "{20967E57-8C51-4362-ABCA-564D204FE865}"
EndProject
Global
	GlobalSection(SolutionConfigurationPlatforms) = preSolution
		Debug|Any CPU = Debug|Any CPU
		Release|Any CPU = Release|Any CPU
	EndGlobalSection
	GlobalSection(ProjectConfigurationPlatforms) = postSolution
		{20967E57-8C51-4362-ABCA-564D204FE865}.Debug|Any CPU.ActiveCfg = Debug|Any CPU
		{20967E57-8C51-4362-ABCA-564D204FE865}.Debug|Any CPU.Build.0 = Debug|Any CPU
		{20967E57-8C51-4362-ABCA-564D204FE865}.Release|Any CPU.ActiveCfg = Release|Any CPU
		{20967E57-8C51-4362-ABCA-564D204FE865}.Release|Any CPU.Build.0 = Release|Any CPU
	EndGlobalSection
	GlobalSection(SolutionProperties) = preSolution
		HideSolutionNode = FALSE
	EndGlobalSection
	GlobalSection(ExtensibilityGlobals) = postSolution
		SolutionGuid = {5AB0FD26-1230-4363-9A7F-4F6BAC1B4D86}
	EndGlobalSection
EndGlobal
